
Microsoft Visual Studio Solution File, Format Version 12.00
# Visual Studio 14
VisualStudioVersion = 14.0.25420.1
MinimumVisualStudioVersion = 10.0.40219.1
Project("{8BC9CEB8-8B4A-11D0-8D11-00A0C91BC942}") = "Ex33_1", "Ch33_EXs\Ch33_EXs.vcxproj", "{DF65EF0B-0C30-46F8-AC1B-C3422E609EE5}"
EndProject
Project("{8BC9CEB8-8B4A-11D0-8D11-00A0C91BC942}") = "Ex33_2", "Ex33_2\Ex33_2.vcxproj", "{E097097D-E7F4-4826-89DC-4F0981A02F7D}"
EndProject
Project("{8BC9CEB8-8B4A-11D0-8D11-00A0C91BC942}") = "Ex33_3", "Ex33_3\Ex33_3.vcxproj", "{71B615D1-0DFF-4A7B-BF42-00A2F089AB21}"
EndProject
Project("{8BC9CEB8-8B4A-11D0-8D11-00A0C91BC942}") = "Ex33_4", "Ex33_4\Ex33_4.vcxproj", "{99A91061-6034-48FA-8A11-9377728A5756}"
EndProject
Project("{8BC9CEB8-8B4A-11D0-8D11-00A0C91BC942}") = "Ex33_5", "Ex33_5\Ex33_5.vcxproj", "{4ABB4F21-B6C1-4D26-B04A-2ED95835E6A0}"
EndProject
Project("{8BC9CEB8-8B4A-11D0-8D11-00A0C91BC942}") = "Ex33_6", "Ex33_6\Ex33_6.vcxproj", "{D790B419-C2C3-4D07-AB59-0B29F09D1308}"
EndProject
Project("{8BC9CEB8-8B4A-11D0-8D11-00A0C91BC942}") = "Ex33_7", "Ex33_7\Ex33_7.vcxproj", "{5834B071-B0E5-4594-84FB-9569666E5DE6}"
EndProject
Project("{8BC9CEB8-8B4A-11D0-8D11-00A0C91BC942}") = "Ex33_8", "Ex33_8\Ex33_8.vcxproj", "{74898223-8FE6-426B-ADB4-A1E54C06B8C8}"
EndProject
Global
	GlobalSection(SolutionConfigurationPlatforms) = preSolution
		Debug|x64 = Debug|x64
		Debug|x86 = Debug|x86
		Release|x64 = Release|x64
		Release|x86 = Release|x86
	EndGlobalSection
	GlobalSection(ProjectConfigurationPlatforms) = postSolution
		{DF65EF0B-0C30-46F8-AC1B-C3422E609EE5}.Debug|x64.ActiveCfg = Debug|x64
		{DF65EF0B-0C30-46F8-AC1B-C3422E609EE5}.Debug|x64.Build.0 = Debug|x64
		{DF65EF0B-0C30-46F8-AC1B-C3422E609EE5}.Debug|x86.ActiveCfg = Debug|Win32
		{DF65EF0B-0C30-46F8-AC1B-C3422E609EE5}.Debug|x86.Build.0 = Debug|Win32
		{DF65EF0B-0C30-46F8-AC1B-C3422E609EE5}.Release|x64.ActiveCfg = Release|x64
		{DF65EF0B-0C30-46F8-AC1B-C3422E609EE5}.Release|x64.Build.0 = Release|x64
		{DF65EF0B-0C30-46F8-AC1B-C3422E609EE5}.Release|x86.ActiveCfg = Release|Win32
		{DF65EF0B-0C30-46F8-AC1B-C3422E609EE5}.Release|x86.Build.0 = Release|Win32
		{E097097D-E7F4-4826-89DC-4F0981A02F7D}.Debug|x64.ActiveCfg = Debug|x64
		{E097097D-E7F4-4826-89DC-4F0981A02F7D}.Debug|x64.Build.0 = Debug|x64
		{E097097D-E7F4-4826-89DC-4F0981A02F7D}.Debug|x86.ActiveCfg = Debug|Win32
		{E097097D-E7F4-4826-89DC-4F0981A02F7D}.Debug|x86.Build.0 = Debug|Win32
		{E097097D-E7F4-4826-89DC-4F0981A02F7D}.Release|x64.ActiveCfg = Release|x64
		{E097097D-E7F4-4826-89DC-4F0981A02F7D}.Release|x64.Build.0 = Release|x64
		{E097097D-E7F4-4826-89DC-4F0981A02F7D}.Release|x86.ActiveCfg = Release|Win32
		{E097097D-E7F4-4826-89DC-4F0981A02F7D}.Release|x86.Build.0 = Release|Win32
		{71B615D1-0DFF-4A7B-BF42-00A2F089AB21}.Debug|x64.ActiveCfg = Debug|x64
		{71B615D1-0DFF-4A7B-BF42-00A2F089AB21}.Debug|x64.Build.0 = Debug|x64
		{71B615D1-0DFF-4A7B-BF42-00A2F089AB21}.Debug|x86.ActiveCfg = Debug|Win32
		{71B615D1-0DFF-4A7B-BF42-00A2F089AB21}.Debug|x86.Build.0 = Debug|Win32
		{71B615D1-0DFF-4A7B-BF42-00A2F089AB21}.Release|x64.ActiveCfg = Release|x64
		{71B615D1-0DFF-4A7B-BF42-00A2F089AB21}.Release|x64.Build.0 = Release|x64
		{71B615D1-0DFF-4A7B-BF42-00A2F089AB21}.Release|x86.ActiveCfg = Release|Win32
		{71B615D1-0DFF-4A7B-BF42-00A2F089AB21}.Release|x86.Build.0 = Release|Win32
		{99A91061-6034-48FA-8A11-9377728A5756}.Debug|x64.ActiveCfg = Debug|x64
		{99A91061-6034-48FA-8A11-9377728A5756}.Debug|x64.Build.0 = Debug|x64
		{99A91061-6034-48FA-8A11-9377728A5756}.Debug|x86.ActiveCfg = Debug|Win32
		{99A91061-6034-48FA-8A11-9377728A5756}.Debug|x86.Build.0 = Debug|Win32
		{99A91061-6034-48FA-8A11-9377728A5756}.Release|x64.ActiveCfg = Release|x64
		{99A91061-6034-48FA-8A11-9377728A5756}.Release|x64.Build.0 = Release|x64
		{99A91061-6034-48FA-8A11-9377728A5756}.Release|x86.ActiveCfg = Release|Win32
		{99A91061-6034-48FA-8A11-9377728A5756}.Release|x86.Build.0 = Release|Win32
		{4ABB4F21-B6C1-4D26-B04A-2ED95835E6A0}.Debug|x64.ActiveCfg = Debug|x64
		{4ABB4F21-B6C1-4D26-B04A-2ED95835E6A0}.Debug|x64.Build.0 = Debug|x64
		{4ABB4F21-B6C1-4D26-B04A-2ED95835E6A0}.Debug|x86.ActiveCfg = Debug|Win32
		{4ABB4F21-B6C1-4D26-B04A-2ED95835E6A0}.Debug|x86.Build.0 = Debug|Win32
		{4ABB4F21-B6C1-4D26-B04A-2ED95835E6A0}.Release|x64.ActiveCfg = Release|x64
		{4ABB4F21-B6C1-4D26-B04A-2ED95835E6A0}.Release|x64.Build.0 = Release|x64
		{4ABB4F21-B6C1-4D26-B04A-2ED95835E6A0}.Release|x86.ActiveCfg = Release|Win32
		{4ABB4F21-B6C1-4D26-B04A-2ED95835E6A0}.Release|x86.Build.0 = Release|Win32
		{D790B419-C2C3-4D07-AB59-0B29F09D1308}.Debug|x64.ActiveCfg = Debug|x64
		{D790B419-C2C3-4D07-AB59-0B29F09D1308}.Debug|x64.Build.0 = Debug|x64
		{D790B419-C2C3-4D07-AB59-0B29F09D1308}.Debug|x86.ActiveCfg = Debug|Win32
		{D790B419-C2C3-4D07-AB59-0B29F09D1308}.Debug|x86.Build.0 = Debug|Win32
		{D790B419-C2C3-4D07-AB59-0B29F09D1308}.Release|x64.ActiveCfg = Release|x64
		{D790B419-C2C3-4D07-AB59-0B29F09D1308}.Release|x64.Build.0 = Release|x64
		{D790B419-C2C3-4D07-AB59-0B29F09D1308}.Release|x86.ActiveCfg = Release|Win32
		{D790B419-C2C3-4D07-AB59-0B29F09D1308}.Release|x86.Build.0 = Release|Win32
		{5834B071-B0E5-4594-84FB-9569666E5DE6}.Debug|x64.ActiveCfg = Debug|x64
		{5834B071-B0E5-4594-84FB-9569666E5DE6}.Debug|x64.Build.0 = Debug|x64
		{5834B071-B0E5-4594-84FB-9569666E5DE6}.Debug|x86.ActiveCfg = Debug|Win32
		{5834B071-B0E5-4594-84FB-9569666E5DE6}.Debug|x86.Build.0 = Debug|Win32
		{5834B071-B0E5-4594-84FB-9569666E5DE6}.Release|x64.ActiveCfg = Release|x64
		{5834B071-B0E5-4594-84FB-9569666E5DE6}.Release|x64.Build.0 = Release|x64
		{5834B071-B0E5-4594-84FB-9569666E5DE6}.Release|x86.ActiveCfg = Release|Win32
		{5834B071-B0E5-4594-84FB-9569666E5DE6}.Release|x86.Build.0 = Release|Win32
		{74898223-8FE6-426B-ADB4-A1E54C06B8C8}.Debug|x64.ActiveCfg = Debug|x64
		{74898223-8FE6-426B-ADB4-A1E54C06B8C8}.Debug|x64.Build.0 = Debug|x64
		{74898223-8FE6-426B-ADB4-A1E54C06B8C8}.Debug|x86.ActiveCfg = Debug|Win32
		{74898223-8FE6-426B-ADB4-A1E54C06B8C8}.Debug|x86.Build.0 = Debug|Win32
		{74898223-8FE6-426B-ADB4-A1E54C06B8C8}.Release|x64.ActiveCfg = Release|x64
		{74898223-8FE6-426B-ADB4-A1E54C06B8C8}.Release|x64.Build.0 = Release|x64
		{74898223-8FE6-426B-ADB4-A1E54C06B8C8}.Release|x86.ActiveCfg = Release|Win32
		{74898223-8FE6-426B-ADB4-A1E54C06B8C8}.Release|x86.Build.0 = Release|Win32
	EndGlobalSection
	GlobalSection(SolutionProperties) = preSolution
		HideSolutionNode = FALSE
	EndGlobalSection
EndGlobal
