
Microsoft Visual Studio Solution File, Format Version 12.00
# Visual Studio 14
VisualStudioVersion = 14.0.25420.1
MinimumVisualStudioVersion = 10.0.40219.1
Project("{8BC9CEB8-8B4A-11D0-8D11-00A0C91BC942}") = "Assignment1", "Assignment1\Assignment1.vcxproj", "{5805493F-9130-4F0C-9BA6-2875743A8155}"
EndProject
Project("{8BC9CEB8-8B4A-11D0-8D11-00A0C91BC942}") = "Assingment2", "Assingment2\Assingment2.vcxproj", "{39B1F3F1-A84F-488E-B590-E919CA291B31}"
EndProject
Project("{8BC9CEB8-8B4A-11D0-8D11-00A0C91BC942}") = "Assingnment3", "Assingnment3\Assingnment3.vcxproj", "{0476F57D-2D16-40B3-804B-44C4C4250B43}"
EndProject
Global
	GlobalSection(SolutionConfigurationPlatforms) = preSolution
		Debug|x64 = Debug|x64
		Debug|x86 = Debug|x86
		Release|x64 = Release|x64
		Release|x86 = Release|x86
	EndGlobalSection
	GlobalSection(ProjectConfigurationPlatforms) = postSolution
		{5805493F-9130-4F0C-9BA6-2875743A8155}.Debug|x64.ActiveCfg = Debug|x64
		{5805493F-9130-4F0C-9BA6-2875743A8155}.Debug|x64.Build.0 = Debug|x64
		{5805493F-9130-4F0C-9BA6-2875743A8155}.Debug|x86.ActiveCfg = Debug|Win32
		{5805493F-9130-4F0C-9BA6-2875743A8155}.Debug|x86.Build.0 = Debug|Win32
		{5805493F-9130-4F0C-9BA6-2875743A8155}.Release|x64.ActiveCfg = Release|x64
		{5805493F-9130-4F0C-9BA6-2875743A8155}.Release|x64.Build.0 = Release|x64
		{5805493F-9130-4F0C-9BA6-2875743A8155}.Release|x86.ActiveCfg = Release|Win32
		{5805493F-9130-4F0C-9BA6-2875743A8155}.Release|x86.Build.0 = Release|Win32
		{39B1F3F1-A84F-488E-B590-E919CA291B31}.Debug|x64.ActiveCfg = Debug|x64
		{39B1F3F1-A84F-488E-B590-E919CA291B31}.Debug|x64.Build.0 = Debug|x64
		{39B1F3F1-A84F-488E-B590-E919CA291B31}.Debug|x86.ActiveCfg = Debug|Win32
		{39B1F3F1-A84F-488E-B590-E919CA291B31}.Debug|x86.Build.0 = Debug|Win32
		{39B1F3F1-A84F-488E-B590-E919CA291B31}.Release|x64.ActiveCfg = Release|x64
		{39B1F3F1-A84F-488E-B590-E919CA291B31}.Release|x64.Build.0 = Release|x64
		{39B1F3F1-A84F-488E-B590-E919CA291B31}.Release|x86.ActiveCfg = Release|Win32
		{39B1F3F1-A84F-488E-B590-E919CA291B31}.Release|x86.Build.0 = Release|Win32
		{0476F57D-2D16-40B3-804B-44C4C4250B43}.Debug|x64.ActiveCfg = Debug|x64
		{0476F57D-2D16-40B3-804B-44C4C4250B43}.Debug|x64.Build.0 = Debug|x64
		{0476F57D-2D16-40B3-804B-44C4C4250B43}.Debug|x86.ActiveCfg = Debug|Win32
		{0476F57D-2D16-40B3-804B-44C4C4250B43}.Debug|x86.Build.0 = Debug|Win32
		{0476F57D-2D16-40B3-804B-44C4C4250B43}.Release|x64.ActiveCfg = Release|x64
		{0476F57D-2D16-40B3-804B-44C4C4250B43}.Release|x64.Build.0 = Release|x64
		{0476F57D-2D16-40B3-804B-44C4C4250B43}.Release|x86.ActiveCfg = Release|Win32
		{0476F57D-2D16-40B3-804B-44C4C4250B43}.Release|x86.Build.0 = Release|Win32
	EndGlobalSection
	GlobalSection(SolutionProperties) = preSolution
		HideSolutionNode = FALSE
	EndGlobalSection
EndGlobal
